
Microsoft Visual Studio Solution File, Format Version 12.00
# Visual Studio 15
VisualStudioVersion = 15.0.28010.2016
MinimumVisualStudioVersion = 10.0.40219.1
Project("{FAE04EC0-301F-11D3-BF4B-00C04F79EFBC}") = "WPFBarcode", "WPFBarcode\WPFBarcode.csproj", "{379270C9-6F69-4D4E-8314-31572B4601A5}"
EndProject
Global
	GlobalSection(SolutionConfigurationPlatforms) = preSolution
		Debug|Any CPU = Debug|Any CPU
		Release|Any CPU = Release|Any CPU
	EndGlobalSection
	GlobalSection(ProjectConfigurationPlatforms) = postSolution
		{379270C9-6F69-4D4E-8314-31572B4601A5}.Debug|Any CPU.ActiveCfg = Debug|Any CPU
		{379270C9-6F69-4D4E-8314-31572B4601A5}.Debug|Any CPU.Build.0 = Debug|Any CPU
		{379270C9-6F69-4D4E-8314-31572B4601A5}.Release|Any CPU.ActiveCfg = Release|Any CPU
		{379270C9-6F69-4D4E-8314-31572B4601A5}.Release|Any CPU.Build.0 = Release|Any CPU
	EndGlobalSection
	GlobalSection(SolutionProperties) = preSolution
		HideSolutionNode = FALSE
	EndGlobalSection
	GlobalSection(ExtensibilityGlobals) = postSolution
		SolutionGuid = {9DA5E0AB-788F-488B-B6DA-7020C0C55ADC}
	EndGlobalSection
EndGlobal
